// !$*UTF8*$!
{
	archiveVersion = 1;
	classes = {
	};
	objectVersion = 46;
	objects = {

/* Begin PBXBuildFile section */
		3702F2F71D5007BE0033C7BD /* Person.swift in Sources */ = {isa = PBXBuildFile; fileRef = 3702F2F61D5007BE0033C7BD /* Person.swift */; };
		3702F2F91D5009DD0033C7BD /* FaceService.swift in Sources */ = {isa = PBXBuildFile; fileRef = 3702F2F81D5009DD0033C7BD /* FaceService.swift */; };
		37E97E721D4A665F00AD88C7 /* AppDelegate.swift in Sources */ = {isa = PBXBuildFile; fileRef = 37E97E711D4A665F00AD88C7 /* AppDelegate.swift */; };
		37E97E741D4A665F00AD88C7 /* ViewController.swift in Sources */ = {isa = PBXBuildFile; fileRef = 37E97E731D4A665F00AD88C7 /* ViewController.swift */; };
		37E97E771D4A665F00AD88C7 /* Main.storyboard in Resources */ = {isa = PBXBuildFile; fileRef = 37E97E751D4A665F00AD88C7 /* Main.storyboard */; };
		37E97E791D4A665F00AD88C7 /* Assets.xcassets in Resources */ = {isa = PBXBuildFile; fileRef = 37E97E781D4A665F00AD88C7 /* Assets.xcassets */; };
		37E97E7C1D4A665F00AD88C7 /* LaunchScreen.storyboard in Resources */ = {isa = PBXBuildFile; fileRef = 37E97E7A1D4A665F00AD88C7 /* LaunchScreen.storyboard */; };
		37E97E841D4A9B5A00AD88C7 /* PersonCell.swift in Sources */ = {isa = PBXBuildFile; fileRef = 37E97E831D4A9B5A00AD88C7 /* PersonCell.swift */; };
		3EF60D0C8FE508FF85D86617 /* Pods_MissingPersons.framework in Frameworks */ = {isa = PBXBuildFile; fileRef = 41A1284909CD2F509F41E22A /* Pods_MissingPersons.framework */; };
/* End PBXBuildFile section */

/* Begin PBXFileReference section */
		3702F2F31D5005A20033C7BD /* MissingPersons-Bridging-Header.h */ = {isa = PBXFileReference; lastKnownFileType = sourcecode.c.h; path = "MissingPersons-Bridging-Header.h"; sourceTree = "<group>"; };
		3702F2F61D5007BE0033C7BD /* Person.swift */ = {isa = PBXFileReference; fileEncoding = 4; lastKnownFileType = sourcecode.swift; path = Person.swift; sourceTree = "<group>"; };
		3702F2F81D5009DD0033C7BD /* FaceService.swift */ = {isa = PBXFileReference; fileEncoding = 4; lastKnownFileType = sourcecode.swift; path = FaceService.swift; sourceTree = "<group>"; };
		37E97E6E1D4A665F00AD88C7 /* MissingPersons.app */ = {isa = PBXFileReference; explicitFileType = wrapper.application; includeInIndex = 0; path = MissingPersons.app; sourceTree = BUILT_PRODUCTS_DIR; };
		37E97E711D4A665F00AD88C7 /* AppDelegate.swift */ = {isa = PBXFileReference; lastKnownFileType = sourcecode.swift; path = AppDelegate.swift; sourceTree = "<group>"; };
		37E97E731D4A665F00AD88C7 /* ViewController.swift */ = {isa = PBXFileReference; lastKnownFileType = sourcecode.swift; path = ViewController.swift; sourceTree = "<group>"; };
		37E97E761D4A665F00AD88C7 /* Base */ = {isa = PBXFileReference; lastKnownFileType = file.storyboard; name = Base; path = Base.lproj/Main.storyboard; sourceTree = "<group>"; };
		37E97E781D4A665F00AD88C7 /* Assets.xcassets */ = {isa = PBXFileReference; lastKnownFileType = folder.assetcatalog; path = Assets.xcassets; sourceTree = "<group>"; };
		37E97E7B1D4A665F00AD88C7 /* Base */ = {isa = PBXFileReference; lastKnownFileType = file.storyboard; name = Base; path = Base.lproj/LaunchScreen.storyboard; sourceTree = "<group>"; };
		37E97E7D1D4A665F00AD88C7 /* Info.plist */ = {isa = PBXFileReference; lastKnownFileType = text.plist.xml; path = Info.plist; sourceTree = "<group>"; };
		37E97E831D4A9B5A00AD88C7 /* PersonCell.swift */ = {isa = PBXFileReference; fileEncoding = 4; lastKnownFileType = sourcecode.swift; path = PersonCell.swift; sourceTree = "<group>"; };
		41A1284909CD2F509F41E22A /* Pods_MissingPersons.framework */ = {isa = PBXFileReference; explicitFileType = wrapper.framework; includeInIndex = 0; path = Pods_MissingPersons.framework; sourceTree = BUILT_PRODUCTS_DIR; };
		ACEB4778ADCAF5276E1CE22B /* Pods-MissingPersons.release.xcconfig */ = {isa = PBXFileReference; includeInIndex = 1; lastKnownFileType = text.xcconfig; name = "Pods-MissingPersons.release.xcconfig"; path = "Pods/Target Support Files/Pods-MissingPersons/Pods-MissingPersons.release.xcconfig"; sourceTree = "<group>"; };
		C27F8C077A1FF363661A5CF0 /* Pods-MissingPersons.debug.xcconfig */ = {isa = PBXFileReference; includeInIndex = 1; lastKnownFileType = text.xcconfig; name = "Pods-MissingPersons.debug.xcconfig"; path = "Pods/Target Support Files/Pods-MissingPersons/Pods-MissingPersons.debug.xcconfig"; sourceTree = "<group>"; };
/* End PBXFileReference section */

/* Begin PBXFrameworksBuildPhase section */
		37E97E6B1D4A665F00AD88C7 /* Frameworks */ = {
			isa = PBXFrameworksBuildPhase;
			buildActionMask = 2147483647;
			files = (
				3EF60D0C8FE508FF85D86617 /* Pods_MissingPersons.framework in Frameworks */,
			);
			runOnlyForDeploymentPostprocessing = 0;
		};
/* End PBXFrameworksBuildPhase section */

/* Begin PBXGroup section */
		37E97E651D4A665F00AD88C7 = {
			isa = PBXGroup;
			children = (
				37E97E701D4A665F00AD88C7 /* MissingPersons */,
				37E97E6F1D4A665F00AD88C7 /* Products */,
				4E9CD55D77632C6AA1C81273 /* Pods */,
				7230F02656BE40F2760150DC /* Frameworks */,
			);
			sourceTree = "<group>";
		};
		37E97E6F1D4A665F00AD88C7 /* Products */ = {
			isa = PBXGroup;
			children = (
				37E97E6E1D4A665F00AD88C7 /* MissingPersons.app */,
			);
			name = Products;
			sourceTree = "<group>";
		};
		37E97E701D4A665F00AD88C7 /* MissingPersons */ = {
			isa = PBXGroup;
			children = (
				37E97E851D4A9B6900AD88C7 /* Model */,
				37E97E861D4A9B7700AD88C7 /* View */,
				37E97E871D4A9B8600AD88C7 /* Controller */,
				37E97E711D4A665F00AD88C7 /* AppDelegate.swift */,
				37E97E751D4A665F00AD88C7 /* Main.storyboard */,
				37E97E781D4A665F00AD88C7 /* Assets.xcassets */,
				37E97E7A1D4A665F00AD88C7 /* LaunchScreen.storyboard */,
				37E97E7D1D4A665F00AD88C7 /* Info.plist */,
				3702F2F31D5005A20033C7BD /* MissingPersons-Bridging-Header.h */,
			);
			path = MissingPersons;
			sourceTree = "<group>";
		};
		37E97E851D4A9B6900AD88C7 /* Model */ = {
			isa = PBXGroup;
			children = (
				3702F2F61D5007BE0033C7BD /* Person.swift */,
				37E97E831D4A9B5A00AD88C7 /* PersonCell.swift */,
				3702F2F81D5009DD0033C7BD /* FaceService.swift */,
			);
			name = Model;
			sourceTree = "<group>";
		};
		37E97E861D4A9B7700AD88C7 /* View */ = {
			isa = PBXGroup;
			children = (
			);
			name = View;
			sourceTree = "<group>";
		};
		37E97E871D4A9B8600AD88C7 /* Controller */ = {
			isa = PBXGroup;
			children = (
				37E97E731D4A665F00AD88C7 /* ViewController.swift */,
			);
			name = Controller;
			sourceTree = "<group>";
		};
		4E9CD55D77632C6AA1C81273 /* Pods */ = {
			isa = PBXGroup;
			children = (
				C27F8C077A1FF363661A5CF0 /* Pods-MissingPersons.debug.xcconfig */,
				ACEB4778ADCAF5276E1CE22B /* Pods-MissingPersons.release.xcconfig */,
			);
			name = Pods;
			sourceTree = "<group>";
		};
		7230F02656BE40F2760150DC /* Frameworks */ = {
			isa = PBXGroup;
			children = (
				41A1284909CD2F509F41E22A /* Pods_MissingPersons.framework */,
			);
			name = Frameworks;
			sourceTree = "<group>";
		};
/* End PBXGroup section */

/* Begin PBXNativeTarget section */
		37E97E6D1D4A665F00AD88C7 /* MissingPersons */ = {
			isa = PBXNativeTarget;
			buildConfigurationList = 37E97E801D4A665F00AD88C7 /* Build configuration list for PBXNativeTarget "MissingPersons" */;
			buildPhases = (
				F840EF36016AA47C14DAED0F /* [CP] Check Pods Manifest.lock */,
				37E97E6A1D4A665F00AD88C7 /* Sources */,
				37E97E6B1D4A665F00AD88C7 /* Frameworks */,
				37E97E6C1D4A665F00AD88C7 /* Resources */,
				74BE2295762FAD060E676C2A /* [CP] Embed Pods Frameworks */,
				194EEB5E771696C2D221A610 /* [CP] Copy Pods Resources */,
			);
			buildRules = (
			);
			dependencies = (
			);
			name = MissingPersons;
			productName = MissingPersons;
			productReference = 37E97E6E1D4A665F00AD88C7 /* MissingPersons.app */;
			productType = "com.apple.product-type.application";
		};
/* End PBXNativeTarget section */

/* Begin PBXProject section */
		37E97E661D4A665F00AD88C7 /* Project object */ = {
			isa = PBXProject;
			attributes = {
				LastSwiftUpdateCheck = 0730;
				LastUpgradeCheck = 0730;
				ORGANIZATIONNAME = "Chappy-App";
				TargetAttributes = {
					37E97E6D1D4A665F00AD88C7 = {
						CreatedOnToolsVersion = 7.3.1;
					};
				};
			};
			buildConfigurationList = 37E97E691D4A665F00AD88C7 /* Build configuration list for PBXProject "MissingPersons" */;
			compatibilityVersion = "Xcode 3.2";
			developmentRegion = English;
			hasScannedForEncodings = 0;
			knownRegions = (
				en,
				Base,
			);
			mainGroup = 37E97E651D4A665F00AD88C7;
			productRefGroup = 37E97E6F1D4A665F00AD88C7 /* Products */;
			projectDirPath = "";
			projectRoot = "";
			targets = (
				37E97E6D1D4A665F00AD88C7 /* MissingPersons */,
			);
		};
/* End PBXProject section */

/* Begin PBXResourcesBuildPhase section */
		37E97E6C1D4A665F00AD88C7 /* Resources */ = {
			isa = PBXResourcesBuildPhase;
			buildActionMask = 2147483647;
			files = (
				37E97E7C1D4A665F00AD88C7 /* LaunchScreen.storyboard in Resources */,
				37E97E791D4A665F00AD88C7 /* Assets.xcassets in Resources */,
				37E97E771D4A665F00AD88C7 /* Main.storyboard in Resources */,
			);
			runOnlyForDeploymentPostprocessing = 0;
		};
/* End PBXResourcesBuildPhase section */

/* Begin PBXShellScriptBuildPhase section */
		194EEB5E771696C2D221A610 /* [CP] Copy Pods Resources */ = {
			isa = PBXShellScriptBuildPhase;
			buildActionMask = 2147483647;
			files = (
			);
			inputPaths = (
			);
			name = "[CP] Copy Pods Resources";
			outputPaths = (
			);
			runOnlyForDeploymentPostprocessing = 0;
			shellPath = /bin/sh;
			shellScript = "\"${SRCROOT}/Pods/Target Support Files/Pods-MissingPersons/Pods-MissingPersons-resources.sh\"\n";
			showEnvVarsInLog = 0;
		};
		74BE2295762FAD060E676C2A /* [CP] Embed Pods Frameworks */ = {
			isa = PBXShellScriptBuildPhase;
			buildActionMask = 2147483647;
			files = (
			);
			inputPaths = (
			);
			name = "[CP] Embed Pods Frameworks";
			outputPaths = (
			);
			runOnlyForDeploymentPostprocessing = 0;
			shellPath = /bin/sh;
			shellScript = "\"${SRCROOT}/Pods/Target Support Files/Pods-MissingPersons/Pods-MissingPersons-frameworks.sh\"\n";
			showEnvVarsInLog = 0;
		};
		F840EF36016AA47C14DAED0F /* [CP] Check Pods Manifest.lock */ = {
			isa = PBXShellScriptBuildPhase;
			buildActionMask = 2147483647;
			files = (
			);
			inputPaths = (
			);
			name = "[CP] Check Pods Manifest.lock";
			outputPaths = (
			);
			runOnlyForDeploymentPostprocessing = 0;
			shellPath = /bin/sh;
			shellScript = "diff \"${PODS_ROOT}/../Podfile.lock\" \"${PODS_ROOT}/Manifest.lock\" > /dev/null\nif [[ $? != 0 ]] ; then\n    cat << EOM\nerror: The sandbox is not in sync with the Podfile.lock. Run 'pod install' or update your CocoaPods installation.\nEOM\n    exit 1\nfi\n";
			showEnvVarsInLog = 0;
		};
/* End PBXShellScriptBuildPhase section */

/* Begin PBXSourcesBuildPhase section */
		37E97E6A1D4A665F00AD88C7 /* Sources */ = {
			isa = PBXSourcesBuildPhase;
			buildActionMask = 2147483647;
			files = (
				3702F2F91D5009DD0033C7BD /* FaceService.swift in Sources */,
				37E97E841D4A9B5A00AD88C7 /* PersonCell.swift in Sources */,
				37E97E741D4A665F00AD88C7 /* ViewController.swift in Sources */,
				3702F2F71D5007BE0033C7BD /* Person.swift in Sources */,
				37E97E721D4A665F00AD88C7 /* AppDelegate.swift in Sources */,
			);
			runOnlyForDeploymentPostprocessing = 0;
		};
/* End PBXSourcesBuildPhase section */

/* Begin PBXVariantGroup section */
		37E97E751D4A665F00AD88C7 /* Main.storyboard */ = {
			isa = PBXVariantGroup;
			children = (
				37E97E761D4A665F00AD88C7 /* Base */,
			);
			name = Main.storyboard;
			sourceTree = "<group>";
		};
		37E97E7A1D4A665F00AD88C7 /* LaunchScreen.storyboard */ = {
			isa = PBXVariantGroup;
			children = (
				37E97E7B1D4A665F00AD88C7 /* Base */,
			);
			name = LaunchScreen.storyboard;
			sourceTree = "<group>";
		};
/* End PBXVariantGroup section */

/* Begin XCBuildConfiguration section */
		37E97E7E1D4A665F00AD88C7 /* Debug */ = {
			isa = XCBuildConfiguration;
			buildSettings = {
				ALWAYS_SEARCH_USER_PATHS = NO;
				CLANG_ANALYZER_NONNULL = YES;
				CLANG_CXX_LANGUAGE_STANDARD = "gnu++0x";
				CLANG_CXX_LIBRARY = "libc++";
				CLANG_ENABLE_MODULES = YES;
				CLANG_ENABLE_OBJC_ARC = YES;
				CLANG_WARN_BOOL_CONVERSION = YES;
				CLANG_WARN_CONSTANT_CONVERSION = YES;
				CLANG_WARN_DIRECT_OBJC_ISA_USAGE = YES_ERROR;
				CLANG_WARN_EMPTY_BODY = YES;
				CLANG_WARN_ENUM_CONVERSION = YES;
				CLANG_WARN_INT_CONVERSION = YES;
				CLANG_WARN_OBJC_ROOT_CLASS = YES_ERROR;
				CLANG_WARN_UNREACHABLE_CODE = YES;
				CLANG_WARN__DUPLICATE_METHOD_MATCH = YES;
				"CODE_SIGN_IDENTITY[sdk=iphoneos*]" = "iPhone Developer";
				COPY_PHASE_STRIP = NO;
				DEBUG_INFORMATION_FORMAT = dwarf;
				ENABLE_STRICT_OBJC_MSGSEND = YES;
				ENABLE_TESTABILITY = YES;
				GCC_C_LANGUAGE_STANDARD = gnu99;
				GCC_DYNAMIC_NO_PIC = NO;
				GCC_NO_COMMON_BLOCKS = YES;
				GCC_OPTIMIZATION_LEVEL = 0;
				GCC_PREPROCESSOR_DEFINITIONS = (
					"DEBUG=1",
					"$(inherited)",
				);
				GCC_WARN_64_TO_32_BIT_CONVERSION = YES;
				GCC_WARN_ABOUT_RETURN_TYPE = YES_ERROR;
				GCC_WARN_UNDECLARED_SELECTOR = YES;
				GCC_WARN_UNINITIALIZED_AUTOS = YES_AGGRESSIVE;
				GCC_WARN_UNUSED_FUNCTION = YES;
				GCC_WARN_UNUSED_VARIABLE = YES;
				IPHONEOS_DEPLOYMENT_TARGET = 9.3;
				MTL_ENABLE_DEBUG_INFO = YES;
				ONLY_ACTIVE_ARCH = YES;
				SDKROOT = iphoneos;
				SWIFT_OPTIMIZATION_LEVEL = "-Onone";
				TARGETED_DEVICE_FAMILY = "1,2";
			};
			name = Debug;
		};
		37E97E7F1D4A665F00AD88C7 /* Release */ = {
			isa = XCBuildConfiguration;
			buildSettings = {
				ALWAYS_SEARCH_USER_PATHS = NO;
				CLANG_ANALYZER_NONNULL = YES;
				CLANG_CXX_LANGUAGE_STANDARD = "gnu++0x";
				CLANG_CXX_LIBRARY = "libc++";
				CLANG_ENABLE_MODULES = YES;
				CLANG_ENABLE_OBJC_ARC = YES;
				CLANG_WARN_BOOL_CONVERSION = YES;
				CLANG_WARN_CONSTANT_CONVERSION = YES;
				CLANG_WARN_DIRECT_OBJC_ISA_USAGE = YES_ERROR;
				CLANG_WARN_EMPTY_BODY = YES;
				CLANG_WARN_ENUM_CONVERSION = YES;
				CLANG_WARN_INT_CONVERSION = YES;
				CLANG_WARN_OBJC_ROOT_CLASS = YES_ERROR;
				CLANG_WARN_UNREACHABLE_CODE = YES;
				CLANG_WARN__DUPLICATE_METHOD_MATCH = YES;
				"CODE_SIGN_IDENTITY[sdk=iphoneos*]" = "iPhone Developer";
				COPY_PHASE_STRIP = NO;
				DEBUG_INFORMATION_FORMAT = "dwarf-with-dsym";
				ENABLE_NS_ASSERTIONS = NO;
				ENABLE_STRICT_OBJC_MSGSEND = YES;
				GCC_C_LANGUAGE_STANDARD = gnu99;
				GCC_NO_COMMON_BLOCKS = YES;
				GCC_WARN_64_TO_32_BIT_CONVERSION = YES;
				GCC_WARN_ABOUT_RETURN_TYPE = YES_ERROR;
				GCC_WARN_UNDECLARED_SELECTOR = YES;
				GCC_WARN_UNINITIALIZED_AUTOS = YES_AGGRESSIVE;
				GCC_WARN_UNUSED_FUNCTION = YES;
				GCC_WARN_UNUSED_VARIABLE = YES;
				IPHONEOS_DEPLOYMENT_TARGET = 9.3;
				MTL_ENABLE_DEBUG_INFO = NO;
				SDKROOT = iphoneos;
				TARGETED_DEVICE_FAMILY = "1,2";
				VALIDATE_PRODUCT = YES;
			};
			name = Release;
		};
		37E97E811D4A665F00AD88C7 /* Debug */ = {
			isa = XCBuildConfiguration;
			baseConfigurationReference = C27F8C077A1FF363661A5CF0 /* Pods-MissingPersons.debug.xcconfig */;
			buildSettings = {
				ASSETCATALOG_COMPILER_APPICON_NAME = AppIcon;
				CLANG_ENABLE_MODULES = YES;
				INFOPLIST_FILE = MissingPersons/Info.plist;
				LD_RUNPATH_SEARCH_PATHS = "$(inherited) @executable_path/Frameworks";
				PRODUCT_BUNDLE_IDENTIFIER = "com.Chappy-App.MissingPersons";
				PRODUCT_NAME = "$(TARGET_NAME)";
				SWIFT_OBJC_BRIDGING_HEADER = "MissingPersons/MissingPersons-Bridging-Header.h";
				SWIFT_OPTIMIZATION_LEVEL = "-Onone";
			};
			name = Debug;
		};
		37E97E821D4A665F00AD88C7 /* Release */ = {
			isa = XCBuildConfiguration;
			baseConfigurationReference = ACEB4778ADCAF5276E1CE22B /* Pods-MissingPersons.release.xcconfig */;
			buildSettings = {
				ASSETCATALOG_COMPILER_APPICON_NAME = AppIcon;
				CLANG_ENABLE_MODULES = YES;
				INFOPLIST_FILE = MissingPersons/Info.plist;
				LD_RUNPATH_SEARCH_PATHS = "$(inherited) @executable_path/Frameworks";
				PRODUCT_BUNDLE_IDENTIFIER = "com.Chappy-App.MissingPersons";
				PRODUCT_NAME = "$(TARGET_NAME)";
				SWIFT_OBJC_BRIDGING_HEADER = "MissingPersons/MissingPersons-Bridging-Header.h";
			};
			name = Release;
		};
/* End XCBuildConfiguration section */

/* Begin XCConfigurationList section */
		37E97E691D4A665F00AD88C7 /* Build configuration list for PBXProject "MissingPersons" */ = {
			isa = XCConfigurationList;
			buildConfigurations = (
				37E97E7E1D4A665F00AD88C7 /* Debug */,
				37E97E7F1D4A665F00AD88C7 /* Release */,
			);
			defaultConfigurationIsVisible = 0;
			defaultConfigurationName = Release;
		};
		37E97E801D4A665F00AD88C7 /* Build configuration list for PBXNativeTarget "MissingPersons" */ = {
			isa = XCConfigurationList;
			buildConfigurations = (
				37E97E811D4A665F00AD88C7 /* Debug */,
				37E97E821D4A665F00AD88C7 /* Release */,
			);
			defaultConfigurationIsVisible = 0;
			defaultConfigurationName = Release;
		};
/* End XCConfigurationList section */
	};
	rootObject = 37E97E661D4A665F00AD88C7 /* Project object */;
}
